
Microsoft Visual Studio Solution File, Format Version 12.00
# Visual Studio 15
VisualStudioVersion = 15.0.28010.2046
MinimumVisualStudioVersion = 10.0.40219.1
Project("{FAE04EC0-301F-11D3-BF4B-00C04F79EFBC}") = "RocketsReact", "RocketsReact\RocketsReact.csproj", "{F36FA0E8-1BA4-42FE-B25F-37E78086B039}"
EndProject
Global
	GlobalSection(SolutionConfigurationPlatforms) = preSolution
		Debug|Any CPU = Debug|Any CPU
		Release|Any CPU = Release|Any CPU
	EndGlobalSection
	GlobalSection(ProjectConfigurationPlatforms) = postSolution
		{F36FA0E8-1BA4-42FE-B25F-37E78086B039}.Debug|Any CPU.ActiveCfg = Debug|Any CPU
		{F36FA0E8-1BA4-42FE-B25F-37E78086B039}.Debug|Any CPU.Build.0 = Debug|Any CPU
		{F36FA0E8-1BA4-42FE-B25F-37E78086B039}.Release|Any CPU.ActiveCfg = Release|Any CPU
		{F36FA0E8-1BA4-42FE-B25F-37E78086B039}.Release|Any CPU.Build.0 = Release|Any CPU
	EndGlobalSection
	GlobalSection(SolutionProperties) = preSolution
		HideSolutionNode = FALSE
	EndGlobalSection
	GlobalSection(ExtensibilityGlobals) = postSolution
		SolutionGuid = {F7619341-4486-4321-8633-6700966BC0BD}
	EndGlobalSection
EndGlobal
